
Microsoft Visual Studio Solution File, Format Version 12.00
# Visual Studio Version 16
VisualStudioVersion = 16.0.29806.167
MinimumVisualStudioVersion = 10.0.40219.1
Project("{00D1A9C2-B5F0-4AF3-8072-F6C62B433612}") = "AdvantureworkManoj", "AdvantureworkManoj.sqlproj", "{1DEC01E3-99D9-454E-B0A7-E4F24A8459F0}"
EndProject
Global
	GlobalSection(SolutionConfigurationPlatforms) = preSolution
		Debug|Any CPU = Debug|Any CPU
		Release|Any CPU = Release|Any CPU
	EndGlobalSection
	GlobalSection(ProjectConfigurationPlatforms) = postSolution
		{1DEC01E3-99D9-454E-B0A7-E4F24A8459F0}.Debug|Any CPU.ActiveCfg = Debug|Any CPU
		{1DEC01E3-99D9-454E-B0A7-E4F24A8459F0}.Debug|Any CPU.Build.0 = Debug|Any CPU
		{1DEC01E3-99D9-454E-B0A7-E4F24A8459F0}.Debug|Any CPU.Deploy.0 = Debug|Any CPU
		{1DEC01E3-99D9-454E-B0A7-E4F24A8459F0}.Release|Any CPU.ActiveCfg = Release|Any CPU
		{1DEC01E3-99D9-454E-B0A7-E4F24A8459F0}.Release|Any CPU.Build.0 = Release|Any CPU
		{1DEC01E3-99D9-454E-B0A7-E4F24A8459F0}.Release|Any CPU.Deploy.0 = Release|Any CPU
	EndGlobalSection
	GlobalSection(SolutionProperties) = preSolution
		HideSolutionNode = FALSE
	EndGlobalSection
	GlobalSection(ExtensibilityGlobals) = postSolution
		SolutionGuid = {5CCA2B0F-C1E3-475E-9CD0-22640F3FEBFA}
	EndGlobalSection
EndGlobal
